PODS:
  - Appboy-iOS-SDK (3.21.1):
    - Appboy-iOS-SDK/UI (= 3.21.1)
  - Appboy-iOS-SDK/ContentCards (3.21.1):
    - Appboy-iOS-SDK/Core
    - SDWebImage (~> 5.0)
  - Appboy-iOS-SDK/Core (3.21.1)
  - Appboy-iOS-SDK/InAppMessage (3.21.1):
    - Appboy-iOS-SDK/Core
    - SDWebImage (~> 5.0)
  - Appboy-iOS-SDK/NewsFeed (3.21.1):
    - Appboy-iOS-SDK/Core
    - SDWebImage (~> 5.0)
  - Appboy-iOS-SDK/UI (3.21.1):
    - Appboy-iOS-SDK/ContentCards
    - Appboy-iOS-SDK/Core
    - Appboy-iOS-SDK/InAppMessage
    - Appboy-iOS-SDK/NewsFeed
  - AppsFlyerFramework (5.0.0)
  - AwesomeConstants (0.2.0)
  - AwesomeCore (0.19.5):
    - RealmSwift
  - AwesomeDownloading (0.1.2)
  - AwesomeImage (0.1.4):
    - AwesomeLoading
    - Kingfisher (~> 4.0)
  - AwesomeLoading (0.1.5):
    - lottie-ios
  - AwesomeLocalization (0.1.9)
  - AwesomeMedia (1.9.5.5):
    - AwesomeConstants
    - AwesomeCore
    - AwesomeDownloading
    - AwesomeImage
    - AwesomeLoading
    - AwesomeNetwork
    - AwesomeTracking
    - AwesomeUIMagic
  - AwesomeNetwork (0.1.4):
    - ReachabilitySwift (~> 3)
  - AwesomeTracking (1.0.8):
    - Appboy-iOS-SDK
    - AppsFlyerFramework
    - AwesomeConstants
    - AwesomeCore
    - AwesomeLocalization
    - Crashlytics
    - Fabric
    - FBSDKCoreKit (~> 5.4.0)
    - Mixpanel-swift
  - AwesomeUIMagic (0.4.7)
  - Crashlytics (3.14.0):
    - Fabric (~> 1.10.2)
  - Fabric (1.10.2)
  - FBSDKCoreKit (5.4.1):
    - FBSDKCoreKit/Basics (= 5.4.1)
    - FBSDKCoreKit/Core (= 5.4.1)
  - FBSDKCoreKit/Basics (5.4.1)
  - FBSDKCoreKit/Core (5.4.1):
    - FBSDKCoreKit/Basics
  - Kingfisher (4.8.0)
  - lottie-ios (2.5.0)
  - Mixpanel-swift (2.6.7):
    - Mixpanel-swift/Complete (= 2.6.7)
  - Mixpanel-swift/Complete (2.6.7)
  - ReachabilitySwift (3)
  - Realm (3.21.0):
    - Realm/Headers (= 3.21.0)
  - Realm/Headers (3.21.0)
  - RealmSwift (3.21.0):
    - Realm (= 3.21.0)
  - SDWebImage (5.4.0):
    - SDWebImage/Core (= 5.4.0)
  - SDWebImage/Core (5.4.0)

DEPENDENCIES:
  - AwesomeConstants (from `https://github.com/Mindvalley/Mobile_iOS_Library_AwesomeConstants.git`, tag `0.2.0`)
  - AwesomeCore (from `https://github.com/mindvalley/Mobile_iOS_Library_AwesomeCore.git`, tag `0.19.5`)
  - AwesomeDownloading (from `https://github.com/iOSWizards/AwesomeDownloading`, tag `0.1.2`)
  - AwesomeImage (from `https://github.com/iOSWizards/AwesomeImage`, tag `0.1.4`)
  - AwesomeLoading (from `https://github.com/iOSWizards/AwesomeLoading.git`, tag `0.1.5`)
  - AwesomeMedia (from `../`)
  - AwesomeNetwork (from `https://github.com/iOSWizards/AwesomeNetwork`, tag `0.1.4`)
  - AwesomeTracking (from `https://github.com/Mindvalley/Mobile_iOS_Library_AwesomeTracking.git`, tag `1.0.8`)
  - AwesomeUIMagic (from `https://github.com/iOSWizards/AwesomeUIMagic`, tag `0.4.7`)
  - Realm (~> 3.21.0)

SPEC REPOS:
  https://cdn.cocoapods.org/:
    - Appboy-iOS-SDK
    - AppsFlyerFramework
    - AwesomeLocalization
    - Crashlytics
    - Fabric
    - FBSDKCoreKit
    - Mixpanel-swift
    - Realm
    - RealmSwift
    - SDWebImage
  https://github.com/CocoaPods/Specs.git:
    - Kingfisher
    - lottie-ios
    - ReachabilitySwift

EXTERNAL SOURCES:
  AwesomeConstants:
    :git: https://github.com/Mindvalley/Mobile_iOS_Library_AwesomeConstants.git
    :tag: 0.2.0
  AwesomeCore:
    :git: https://github.com/mindvalley/Mobile_iOS_Library_AwesomeCore.git
    :tag: 0.19.5
  AwesomeDownloading:
    :git: https://github.com/iOSWizards/AwesomeDownloading
    :tag: 0.1.2
  AwesomeImage:
    :git: https://github.com/iOSWizards/AwesomeImage
    :tag: 0.1.4
  AwesomeLoading:
    :git: https://github.com/iOSWizards/AwesomeLoading.git
    :tag: 0.1.5
  AwesomeMedia:
    :path: "../"
  AwesomeNetwork:
    :git: https://github.com/iOSWizards/AwesomeNetwork
    :tag: 0.1.4
  AwesomeTracking:
    :git: https://github.com/Mindvalley/Mobile_iOS_Library_AwesomeTracking.git
    :tag: 1.0.8
  AwesomeUIMagic:
    :git: https://github.com/iOSWizards/AwesomeUIMagic
    :tag: 0.4.7

CHECKOUT OPTIONS:
  AwesomeConstants:
    :git: https://github.com/Mindvalley/Mobile_iOS_Library_AwesomeConstants.git
    :tag: 0.2.0
  AwesomeCore:
    :git: https://github.com/mindvalley/Mobile_iOS_Library_AwesomeCore.git
    :tag: 0.19.5
  AwesomeDownloading:
    :git: https://github.com/iOSWizards/AwesomeDownloading
    :tag: 0.1.2
  AwesomeImage:
    :git: https://github.com/iOSWizards/AwesomeImage
    :tag: 0.1.4
  AwesomeLoading:
    :git: https://github.com/iOSWizards/AwesomeLoading.git
    :tag: 0.1.5
  AwesomeNetwork:
    :git: https://github.com/iOSWizards/AwesomeNetwork
    :tag: 0.1.4
  AwesomeTracking:
    :git: https://github.com/Mindvalley/Mobile_iOS_Library_AwesomeTracking.git
    :tag: 1.0.8
  AwesomeUIMagic:
    :git: https://github.com/iOSWizards/AwesomeUIMagic
    :tag: 0.4.7

SPEC CHECKSUMS:
  Appboy-iOS-SDK: f29e75e735bea62ba31e53d80ce2300ce711d5dc
  AppsFlyerFramework: 06f3c13fea4068757004065db8ac75672f69520e
  AwesomeConstants: f6ab572586381cbbf5d89a2bf5681c2691ee2246
  AwesomeCore: 93f07964468e4aa440dd1a9c4c5b82b369de92b6
  AwesomeDownloading: 2952d8121b2c40c83c1217da27f182022e7661bf
  AwesomeImage: 927dc504433332293f5ee3e216b16272cb2e93d4
  AwesomeLoading: 08d501a8f4eefc6e8f16bdff4b6856a41c68bdf4
  AwesomeLocalization: cd3084a37f9e25e72f0b8b52eb068b45518625e1
  AwesomeMedia: 6fbfc39b6483e0e5c858a20e7f4600071d318c56
  AwesomeNetwork: 295b7f6aa0d3783090cb1e9dc844bcb8fa05e094
  AwesomeTracking: 433fdc76c577042ccf20176c4e6d128cbd8d2c41
  AwesomeUIMagic: b07f77437bcd5f7283f7e6d32025f5acb5fdcb80
  Crashlytics: 540b7e5f5da5a042647227a5e3ac51d85eed06df
  Fabric: 706c8b8098fff96c33c0db69cbf81f9c551d0d74
  FBSDKCoreKit: 5144671077d67f07d7d243dbc7fd57a171f73954
  Kingfisher: 976d828df2b24834c6a3f2fc4d82cdbd26552be1
  lottie-ios: d699fdee68d7b63e721d949388b015fef1aaa4ac
  Mixpanel-swift: 9118aa461d7ad4bb66718b0d4d826e6487bb0105
  ReachabilitySwift: f5b9bb30a0777fac8f09ce8b067e32faeb29bb64
  Realm: 38e9dcb19104b58407167d99f70d4995f7c16023
  RealmSwift: 3183cc1ad48378fbcd634311b22c0e6c44021152
  SDWebImage: 5bf6aec6481ae2a062bdc59f9d6c1d1e552090e0

PODFILE CHECKSUM: d687cc1f59c6c8692d699abeb12e5b3176fd20f8

COCOAPODS: 1.8.4
