PODS:
  - AwesomeMedia (0.8.0):
    - AwesomeUIMagic
  - AwesomeUIMagic (0.4.3)

DEPENDENCIES:
  - AwesomeMedia (from `../`)
  - AwesomeUIMagic (from `https://github.com/iOSWizards/AwesomeUIMagic`, tag `0.4.3`)

EXTERNAL SOURCES:
  AwesomeMedia:
    :path: ../
  AwesomeUIMagic:
    :git: https://github.com/iOSWizards/AwesomeUIMagic
    :tag: 0.4.3

CHECKOUT OPTIONS:
  AwesomeUIMagic:
    :git: https://github.com/iOSWizards/AwesomeUIMagic
    :tag: 0.4.3

SPEC CHECKSUMS:
  AwesomeMedia: eae0321885cb45c4c68b9fdd3d3db478932fa75c
  AwesomeUIMagic: ebce4bd0455530b8ad47bcb37bb48914472c5f40

PODFILE CHECKSUM: eb9d3bfb1fcf5747acd772db35ce8826e2c0b5e1

COCOAPODS: 1.4.0
